
Microsoft Visual Studio Solution File, Format Version 12.00
# Visual Studio Version 17
VisualStudioVersion = 17.8.34601.278
MinimumVisualStudioVersion = 10.0.40219.1
Project("{9A19103F-16F7-4668-BE54-9A1E7A4F7556}") = "CifarPrincipalComponentAnalysisWithCuda", "CifarPrincipalComponentAnalysisWithCuda\CifarPrincipalComponentAnalysisWithCuda.csproj", "{6321A19C-B7D0-4C89-BA9F-A4C91BBC4F8D}"
EndProject
Project("{8BC9CEB8-8B4A-11D0-8D11-00A0C91BC942}") = "PrincipalComponentAnalysisWithCuda", "PrincipalComponentAnalysisWithCuda\PrincipalComponentAnalysisWithCuda.vcxproj", "{E4DAB080-0D38-4486-AE28-CFBCB660A034}"
EndProject
Project("{9A19103F-16F7-4668-BE54-9A1E7A4F7556}") = "ConsoleCheckPcaWithCuda", "ConsoleCheckPcaWithCuda\ConsoleCheckPcaWithCuda.csproj", "{A6F01967-8622-457C-AB69-44ECC60B53FC}"
EndProject
Global
	GlobalSection(SolutionConfigurationPlatforms) = preSolution
		Debug|Any CPU = Debug|Any CPU
		Debug|x64 = Debug|x64
		Debug|x86 = Debug|x86
		Release|Any CPU = Release|Any CPU
		Release|x64 = Release|x64
		Release|x86 = Release|x86
	EndGlobalSection
	GlobalSection(ProjectConfigurationPlatforms) = postSolution
		{6321A19C-B7D0-4C89-BA9F-A4C91BBC4F8D}.Debug|Any CPU.ActiveCfg = Debug|Any CPU
		{6321A19C-B7D0-4C89-BA9F-A4C91BBC4F8D}.Debug|Any CPU.Build.0 = Debug|Any CPU
		{6321A19C-B7D0-4C89-BA9F-A4C91BBC4F8D}.Debug|x64.ActiveCfg = Debug|Any CPU
		{6321A19C-B7D0-4C89-BA9F-A4C91BBC4F8D}.Debug|x64.Build.0 = Debug|Any CPU
		{6321A19C-B7D0-4C89-BA9F-A4C91BBC4F8D}.Debug|x86.ActiveCfg = Debug|Any CPU
		{6321A19C-B7D0-4C89-BA9F-A4C91BBC4F8D}.Debug|x86.Build.0 = Debug|Any CPU
		{6321A19C-B7D0-4C89-BA9F-A4C91BBC4F8D}.Release|Any CPU.ActiveCfg = Release|Any CPU
		{6321A19C-B7D0-4C89-BA9F-A4C91BBC4F8D}.Release|Any CPU.Build.0 = Release|Any CPU
		{6321A19C-B7D0-4C89-BA9F-A4C91BBC4F8D}.Release|x64.ActiveCfg = Release|Any CPU
		{6321A19C-B7D0-4C89-BA9F-A4C91BBC4F8D}.Release|x64.Build.0 = Release|Any CPU
		{6321A19C-B7D0-4C89-BA9F-A4C91BBC4F8D}.Release|x86.ActiveCfg = Release|Any CPU
		{6321A19C-B7D0-4C89-BA9F-A4C91BBC4F8D}.Release|x86.Build.0 = Release|Any CPU
		{E4DAB080-0D38-4486-AE28-CFBCB660A034}.Debug|Any CPU.ActiveCfg = Debug|x64
		{E4DAB080-0D38-4486-AE28-CFBCB660A034}.Debug|Any CPU.Build.0 = Debug|x64
		{E4DAB080-0D38-4486-AE28-CFBCB660A034}.Debug|x64.ActiveCfg = Debug|x64
		{E4DAB080-0D38-4486-AE28-CFBCB660A034}.Debug|x64.Build.0 = Debug|x64
		{E4DAB080-0D38-4486-AE28-CFBCB660A034}.Debug|x86.ActiveCfg = Debug|x64
		{E4DAB080-0D38-4486-AE28-CFBCB660A034}.Debug|x86.Build.0 = Debug|x64
		{E4DAB080-0D38-4486-AE28-CFBCB660A034}.Release|Any CPU.ActiveCfg = Release|x64
		{E4DAB080-0D38-4486-AE28-CFBCB660A034}.Release|Any CPU.Build.0 = Release|x64
		{E4DAB080-0D38-4486-AE28-CFBCB660A034}.Release|x64.ActiveCfg = Release|x64
		{E4DAB080-0D38-4486-AE28-CFBCB660A034}.Release|x64.Build.0 = Release|x64
		{E4DAB080-0D38-4486-AE28-CFBCB660A034}.Release|x86.ActiveCfg = Release|x64
		{E4DAB080-0D38-4486-AE28-CFBCB660A034}.Release|x86.Build.0 = Release|x64
		{A6F01967-8622-457C-AB69-44ECC60B53FC}.Debug|Any CPU.ActiveCfg = Debug|Any CPU
		{A6F01967-8622-457C-AB69-44ECC60B53FC}.Debug|Any CPU.Build.0 = Debug|Any CPU
		{A6F01967-8622-457C-AB69-44ECC60B53FC}.Debug|x64.ActiveCfg = Debug|Any CPU
		{A6F01967-8622-457C-AB69-44ECC60B53FC}.Debug|x64.Build.0 = Debug|Any CPU
		{A6F01967-8622-457C-AB69-44ECC60B53FC}.Debug|x86.ActiveCfg = Debug|Any CPU
		{A6F01967-8622-457C-AB69-44ECC60B53FC}.Debug|x86.Build.0 = Debug|Any CPU
		{A6F01967-8622-457C-AB69-44ECC60B53FC}.Release|Any CPU.ActiveCfg = Release|Any CPU
		{A6F01967-8622-457C-AB69-44ECC60B53FC}.Release|Any CPU.Build.0 = Release|Any CPU
		{A6F01967-8622-457C-AB69-44ECC60B53FC}.Release|x64.ActiveCfg = Release|Any CPU
		{A6F01967-8622-457C-AB69-44ECC60B53FC}.Release|x64.Build.0 = Release|Any CPU
		{A6F01967-8622-457C-AB69-44ECC60B53FC}.Release|x86.ActiveCfg = Release|Any CPU
		{A6F01967-8622-457C-AB69-44ECC60B53FC}.Release|x86.Build.0 = Release|Any CPU
	EndGlobalSection
	GlobalSection(SolutionProperties) = preSolution
		HideSolutionNode = FALSE
	EndGlobalSection
	GlobalSection(ExtensibilityGlobals) = postSolution
		SolutionGuid = {B3CB8DA0-0C40-4B14-9062-FDC8B3C4EE3A}
	EndGlobalSection
EndGlobal
